
Microsoft Visual Studio Solution File, Format Version 12.00
# Visual Studio Version 17
VisualStudioVersion = 17.14.36429.23 d17.14
MinimumVisualStudioVersion = 10.0.40219.1
Project("{FAE04EC0-301F-11D3-BF4B-00C04F79EFBC}") = "MiniCalculator", "MiniCalculator.csproj", "{2BB149E5-CF36-4BD3-923E-EA3B6F794415}"
EndProject
Global
	GlobalSection(SolutionConfigurationPlatforms) = preSolution
		Debug|Any CPU = Debug|Any CPU
		Release|Any CPU = Release|Any CPU
	EndGlobalSection
	GlobalSection(ProjectConfigurationPlatforms) = postSolution
		{2BB149E5-CF36-4BD3-923E-EA3B6F794415}.Debug|Any CPU.ActiveCfg = Debug|Any CPU
		{2BB149E5-CF36-4BD3-923E-EA3B6F794415}.Debug|Any CPU.Build.0 = Debug|Any CPU
		{2BB149E5-CF36-4BD3-923E-EA3B6F794415}.Release|Any CPU.ActiveCfg = Release|Any CPU
		{2BB149E5-CF36-4BD3-923E-EA3B6F794415}.Release|Any CPU.Build.0 = Release|Any CPU
	EndGlobalSection
	GlobalSection(SolutionProperties) = preSolution
		HideSolutionNode = FALSE
	EndGlobalSection
	GlobalSection(ExtensibilityGlobals) = postSolution
		SolutionGuid = {D95B1C56-E2A2-456E-A43F-FA7AD0FFFEC8}
	EndGlobalSection
EndGlobal
